
Microsoft Visual Studio Solution File, Format Version 12.00
# Visual Studio Version 17
VisualStudioVersion = 17.9.34701.34
MinimumVisualStudioVersion = 10.0.40219.1
Project("{FAE04EC0-301F-11D3-BF4B-00C04F79EFBC}") = "HotelCreatedEventHandler", "HotelCreatedEventHandler.csproj", "{C0354674-EABE-49BB-B87B-60C6C26A6915}"
EndProject
Project("{FAE04EC0-301F-11D3-BF4B-00C04F79EFBC}") = "HotelCreatedEventHandler.Test", "..\HotelCreatedEventHandler.Test\HotelCreatedEventHandler.Test.csproj", "{F487C97A-76C9-4E42-8A5C-0FA1202254BA}"
EndProject
Global
	GlobalSection(SolutionConfigurationPlatforms) = preSolution
		Debug|Any CPU = Debug|Any CPU
		Release|Any CPU = Release|Any CPU
	EndGlobalSection
	GlobalSection(ProjectConfigurationPlatforms) = postSolution
		{C0354674-EABE-49BB-B87B-60C6C26A6915}.Debug|Any CPU.ActiveCfg = Debug|Any CPU
		{C0354674-EABE-49BB-B87B-60C6C26A6915}.Debug|Any CPU.Build.0 = Debug|Any CPU
		{C0354674-EABE-49BB-B87B-60C6C26A6915}.Release|Any CPU.ActiveCfg = Release|Any CPU
		{C0354674-EABE-49BB-B87B-60C6C26A6915}.Release|Any CPU.Build.0 = Release|Any CPU
		{F487C97A-76C9-4E42-8A5C-0FA1202254BA}.Debug|Any CPU.ActiveCfg = Debug|Any CPU
		{F487C97A-76C9-4E42-8A5C-0FA1202254BA}.Debug|Any CPU.Build.0 = Debug|Any CPU
		{F487C97A-76C9-4E42-8A5C-0FA1202254BA}.Release|Any CPU.ActiveCfg = Release|Any CPU
		{F487C97A-76C9-4E42-8A5C-0FA1202254BA}.Release|Any CPU.Build.0 = Release|Any CPU
	EndGlobalSection
	GlobalSection(SolutionProperties) = preSolution
		HideSolutionNode = FALSE
	EndGlobalSection
	GlobalSection(ExtensibilityGlobals) = postSolution
		SolutionGuid = {E95FCFA3-CA7D-4779-A89B-6F50D4CA1E98}
	EndGlobalSection
EndGlobal
